{
	"name": "@yi-note/extension",
	"version": "1.6.0",
	"lockfileVersion": 1,
	"requires": true,
	"dependencies": {
		"i18next": {
			"version": "19.8.4",
			"resolved": "https://registry.npmjs.org/i18next/-/i18next-19.8.4.tgz",
			"integrity": "sha512-FfVPNWv+felJObeZ6DSXZkj9QM1Ivvh7NcFCgA8XPtJWHz0iXVa9BUy+QY8EPrCLE+vWgDfV/sc96BgXVo6HAA==",
			"requires": {
				"@babel/runtime": "^7.12.0"
			},
			"dependencies": {
				"@babel/runtime": {
					"version": "7.12.5",
					"resolved": "https://registry.npmjs.org/@babel/runtime/-/runtime-7.12.5.tgz",
					"integrity": "sha512-plcc+hbExy3McchJCEQG3knOsuh3HH+Prx1P6cLIkET/0dLuQDEnrT+s27Axgc9bqfsmNUNHfscgMUdBpC9xfg==",
					"requires": {
						"regenerator-runtime": "^0.13.4"
					}
				},
				"regenerator-runtime": {
					"version": "0.13.7",
					"resolved": "https://registry.npmjs.org/regenerator-runtime/-/regenerator-runtime-0.13.7.tgz",
					"integrity": "sha512-a54FxoJDIr27pgf7IgeQGxmqUNYrcV338lf/6gH456HZ/PhX+5BcwHXG9ajESmwe6WRO0tAzRUrRmNONWgkrew=="
				}
			}
		},
		"i18next-browser-languagedetector": {
			"version": "4.3.1",
			"resolved": "https://registry.npmjs.org/i18next-browser-languagedetector/-/i18next-browser-languagedetector-4.3.1.tgz",
			"integrity": "sha512-KIToAzf8zwWvacgnRwJp63ase26o24AuNUlfNVJ5YZAFmdGhsJpmFClxXPuk9rv1FMI4lnc8zLSqgZPEZMrW4g==",
			"requires": {
				"@babel/runtime": "^7.5.5"
			},
			"dependencies": {
				"@babel/runtime": {
					"version": "7.12.5",
					"resolved": "https://registry.npmjs.org/@babel/runtime/-/runtime-7.12.5.tgz",
					"integrity": "sha512-plcc+hbExy3McchJCEQG3knOsuh3HH+Prx1P6cLIkET/0dLuQDEnrT+s27Axgc9bqfsmNUNHfscgMUdBpC9xfg==",
					"requires": {
						"regenerator-runtime": "^0.13.4"
					}
				},
				"regenerator-runtime": {
					"version": "0.13.7",
					"resolved": "https://registry.npmjs.org/regenerator-runtime/-/regenerator-runtime-0.13.7.tgz",
					"integrity": "sha512-a54FxoJDIr27pgf7IgeQGxmqUNYrcV338lf/6gH456HZ/PhX+5BcwHXG9ajESmwe6WRO0tAzRUrRmNONWgkrew=="
				}
			}
		},
		"react-i18next": {
			"version": "11.8.4",
			"resolved": "https://registry.npmjs.org/react-i18next/-/react-i18next-11.8.4.tgz",
			"integrity": "sha512-QlPJfX+Roi+jEQ6frBSsLHHH+VWbUoCl6wZDT8XHMd6PsSgepjgD2sZf/h7F46JnHeuy0U+SxY3TtrJF+aDIyg==",
			"requires": {
				"@babel/runtime": "^7.3.1",
				"html-parse-stringify2": "2.0.1"
			},
			"dependencies": {
				"@babel/runtime": {
					"version": "7.12.5",
					"resolved": "https://registry.npmjs.org/@babel/runtime/-/runtime-7.12.5.tgz",
					"integrity": "sha512-plcc+hbExy3McchJCEQG3knOsuh3HH+Prx1P6cLIkET/0dLuQDEnrT+s27Axgc9bqfsmNUNHfscgMUdBpC9xfg==",
					"requires": {
						"regenerator-runtime": "^0.13.4"
					}
				},
				"html-parse-stringify2": {
					"version": "2.0.1",
					"resolved": "https://registry.npmjs.org/html-parse-stringify2/-/html-parse-stringify2-2.0.1.tgz",
					"integrity": "sha1-3FZwtyksoVi3vJFsmmc1rIhyg0o=",
					"requires": {
						"void-elements": "^2.0.1"
					}
				},
				"regenerator-runtime": {
					"version": "0.13.7",
					"resolved": "https://registry.npmjs.org/regenerator-runtime/-/regenerator-runtime-0.13.7.tgz",
					"integrity": "sha512-a54FxoJDIr27pgf7IgeQGxmqUNYrcV338lf/6gH456HZ/PhX+5BcwHXG9ajESmwe6WRO0tAzRUrRmNONWgkrew=="
				},
				"void-elements": {
					"version": "2.0.1",
					"resolved": "https://registry.npmjs.org/void-elements/-/void-elements-2.0.1.tgz",
					"integrity": "sha1-wGavtYK7HLQSjWDqkjkulNXp2+w="
				}
			}
		}
	}
}
